// !$*UTF8*$!
{
	archiveVersion = 1;
	classes = {
	};
	objectVersion = 46;
	objects = {

/* Begin PBXBuildFile section */
		C80F97871FB9856500F3D0B3 /* NewsDetailViewController.swift in Sources */ = {isa = PBXBuildFile; fileRef = C80F97861FB9856500F3D0B3 /* NewsDetailViewController.swift */; };
		C89764F41FC3314300E9C496 /* NewsTableViewCell.swift in Sources */ = {isa = PBXBuildFile; fileRef = C89764F31FC3314300E9C496 /* NewsTableViewCell.swift */; };
		C8C827CC1FB87592002B96E2 /* NewsJSONModel.swift in Sources */ = {isa = PBXBuildFile; fileRef = C8C827CB1FB87592002B96E2 /* NewsJSONModel.swift */; };
		C8E8222F1FB8197500E9B963 /* AppDelegate.swift in Sources */ = {isa = PBXBuildFile; fileRef = C8E8222E1FB8197500E9B963 /* AppDelegate.swift */; };
		C8E822311FB8197500E9B963 /* ViewController.swift in Sources */ = {isa = PBXBuildFile; fileRef = C8E822301FB8197500E9B963 /* ViewController.swift */; };
		C8E822341FB8197500E9B963 /* Main.storyboard in Resources */ = {isa = PBXBuildFile; fileRef = C8E822321FB8197500E9B963 /* Main.storyboard */; };
		C8E822361FB8197500E9B963 /* Assets.xcassets in Resources */ = {isa = PBXBuildFile; fileRef = C8E822351FB8197500E9B963 /* Assets.xcassets */; };
		C8E822391FB8197500E9B963 /* LaunchScreen.storyboard in Resources */ = {isa = PBXBuildFile; fileRef = C8E822371FB8197500E9B963 /* LaunchScreen.storyboard */; };
		C8E822441FB8197500E9B963 /* NewsDemoTests.swift in Sources */ = {isa = PBXBuildFile; fileRef = C8E822431FB8197500E9B963 /* NewsDemoTests.swift */; };
		C8E8224F1FB8197500E9B963 /* NewsDemoUITests.swift in Sources */ = {isa = PBXBuildFile; fileRef = C8E8224E1FB8197500E9B963 /* NewsDemoUITests.swift */; };
		C8E8228B1FB8331000E9B963 /* MainPageUIViewController.swift in Sources */ = {isa = PBXBuildFile; fileRef = C8E8228A1FB8331000E9B963 /* MainPageUIViewController.swift */; };
		CAF70D7EBCC1273337EF49FE /* Pods_NewsDemo.framework in Frameworks */ = {isa = PBXBuildFile; fileRef = 8F220A7369836F18BF2D4238 /* Pods_NewsDemo.framework */; };
/* End PBXBuildFile section */

/* Begin PBXContainerItemProxy section */
		C82767C71FBB30290033F61F /* PBXContainerItemProxy */ = {
			isa = PBXContainerItemProxy;
			containerPortal = C82767BC1FBB30290033F61F /* Pods.xcodeproj */;
			proxyType = 2;
			remoteGlobalIDString = 090585AA398EE0A00EFBE031649BD717;
			remoteInfo = Alamofire;
		};
		C82767C91FBB30290033F61F /* PBXContainerItemProxy */ = {
			isa = PBXContainerItemProxy;
			containerPortal = C82767BC1FBB30290033F61F /* Pods.xcodeproj */;
			proxyType = 2;
			remoteGlobalIDString = D75C6B432BFB56356F990697B33A9D1A;
			remoteInfo = MJRefresh;
		};
		C82767CB1FBB30290033F61F /* PBXContainerItemProxy */ = {
			isa = PBXContainerItemProxy;
			containerPortal = C82767BC1FBB30290033F61F /* Pods.xcodeproj */;
			proxyType = 2;
			remoteGlobalIDString = 0F6F379DC660AF5343E90E3C8EBB195C;
			remoteInfo = "Pods-NewsDemo";
		};
		C82767D11FBB30290033F61F /* PBXContainerItemProxy */ = {
			isa = PBXContainerItemProxy;
			containerPortal = C82767BC1FBB30290033F61F /* Pods.xcodeproj */;
			proxyType = 2;
			remoteGlobalIDString = CD76A58CAB59C3EA9E96140C8EFF0B22;
			remoteInfo = SDWebImage;
		};
		C8E822401FB8197500E9B963 /* PBXContainerItemProxy */ = {
			isa = PBXContainerItemProxy;
			containerPortal = C8E822231FB8197500E9B963 /* Project object */;
			proxyType = 1;
			remoteGlobalIDString = C8E8222A1FB8197500E9B963;
			remoteInfo = NewsDemo;
		};
		C8E8224B1FB8197500E9B963 /* PBXContainerItemProxy */ = {
			isa = PBXContainerItemProxy;
			containerPortal = C8E822231FB8197500E9B963 /* Project object */;
			proxyType = 1;
			remoteGlobalIDString = C8E8222A1FB8197500E9B963;
			remoteInfo = NewsDemo;
		};
/* End PBXContainerItemProxy section */

/* Begin PBXCopyFilesBuildPhase section */
		C8E822851FB819EB00E9B963 /* Embed Frameworks */ = {
			isa = PBXCopyFilesBuildPhase;
			buildActionMask = 2147483647;
			dstPath = "";
			dstSubfolderSpec = 10;
			files = (
			);
			name = "Embed Frameworks";
			runOnlyForDeploymentPostprocessing = 0;
		};
/* End PBXCopyFilesBuildPhase section */

/* Begin PBXFileReference section */
		31817DEFBE18E8D0F4831FD3 /* Pods-NewsDemo.release.xcconfig */ = {isa = PBXFileReference; includeInIndex = 1; lastKnownFileType = text.xcconfig; name = "Pods-NewsDemo.release.xcconfig"; path = "Pods/Target Support Files/Pods-NewsDemo/Pods-NewsDemo.release.xcconfig"; sourceTree = "<group>"; };
		4E574B450A71BE04F19AF9F9 /* Pods_NewsDemoUITests.framework */ = {isa = PBXFileReference; explicitFileType = wrapper.framework; includeInIndex = 0; path = Pods_NewsDemoUITests.framework; sourceTree = BUILT_PRODUCTS_DIR; };
		53AC873D98CF615F967E80A2 /* Pods-NewsDemo.debug.xcconfig */ = {isa = PBXFileReference; includeInIndex = 1; lastKnownFileType = text.xcconfig; name = "Pods-NewsDemo.debug.xcconfig"; path = "Pods/Target Support Files/Pods-NewsDemo/Pods-NewsDemo.debug.xcconfig"; sourceTree = "<group>"; };
		8F220A7369836F18BF2D4238 /* Pods_NewsDemo.framework */ = {isa = PBXFileReference; explicitFileType = wrapper.framework; includeInIndex = 0; path = Pods_NewsDemo.framework; sourceTree = BUILT_PRODUCTS_DIR; };
		C80F97861FB9856500F3D0B3 /* NewsDetailViewController.swift */ = {isa = PBXFileReference; lastKnownFileType = sourcecode.swift; path = NewsDetailViewController.swift; sourceTree = "<group>"; };
		C80F981D1FB9E77000F3D0B3 /* ImageIO.framework */ = {isa = PBXFileReference; lastKnownFileType = wrapper.framework; name = ImageIO.framework; path = System/Library/Frameworks/ImageIO.framework; sourceTree = SDKROOT; };
		C82767BC1FBB30290033F61F /* Pods.xcodeproj */ = {isa = PBXFileReference; lastKnownFileType = "wrapper.pb-project"; name = Pods.xcodeproj; path = Pods/Pods.xcodeproj; sourceTree = "<group>"; };
		C89764F31FC3314300E9C496 /* NewsTableViewCell.swift */ = {isa = PBXFileReference; fileEncoding = 4; lastKnownFileType = sourcecode.swift; path = NewsTableViewCell.swift; sourceTree = "<group>"; };
		C8C827CB1FB87592002B96E2 /* NewsJSONModel.swift */ = {isa = PBXFileReference; lastKnownFileType = sourcecode.swift; path = NewsJSONModel.swift; sourceTree = "<group>"; };
		C8E8222B1FB8197500E9B963 /* NewsDemo.app */ = {isa = PBXFileReference; explicitFileType = wrapper.application; includeInIndex = 0; path = NewsDemo.app; sourceTree = BUILT_PRODUCTS_DIR; };
		C8E8222E1FB8197500E9B963 /* AppDelegate.swift */ = {isa = PBXFileReference; lastKnownFileType = sourcecode.swift; path = AppDelegate.swift; sourceTree = "<group>"; };
		C8E822301FB8197500E9B963 /* ViewController.swift */ = {isa = PBXFileReference; lastKnownFileType = sourcecode.swift; path = ViewController.swift; sourceTree = "<group>"; };
		C8E822331FB8197500E9B963 /* Base */ = {isa = PBXFileReference; lastKnownFileType = file.storyboard; name = Base; path = Base.lproj/Main.storyboard; sourceTree = "<group>"; };
		C8E822351FB8197500E9B963 /* Assets.xcassets */ = {isa = PBXFileReference; lastKnownFileType = folder.assetcatalog; path = Assets.xcassets; sourceTree = "<group>"; };
		C8E822381FB8197500E9B963 /* Base */ = {isa = PBXFileReference; lastKnownFileType = file.storyboard; name = Base; path = Base.lproj/LaunchScreen.storyboard; sourceTree = "<group>"; };
		C8E8223A1FB8197500E9B963 /* Info.plist */ = {isa = PBXFileReference; lastKnownFileType = text.plist.xml; path = Info.plist; sourceTree = "<group>"; };
		C8E8223F1FB8197500E9B963 /* NewsDemoTests.xctest */ = {isa = PBXFileReference; explicitFileType = wrapper.cfbundle; includeInIndex = 0; path = NewsDemoTests.xctest; sourceTree = BUILT_PRODUCTS_DIR; };
		C8E822431FB8197500E9B963 /* NewsDemoTests.swift */ = {isa = PBXFileReference; lastKnownFileType = sourcecode.swift; path = NewsDemoTests.swift; sourceTree = "<group>"; };
		C8E822451FB8197500E9B963 /* Info.plist */ = {isa = PBXFileReference; lastKnownFileType = text.plist.xml; path = Info.plist; sourceTree = "<group>"; };
		C8E8224A1FB8197500E9B963 /* NewsDemoUITests.xctest */ = {isa = PBXFileReference; explicitFileType = wrapper.cfbundle; includeInIndex = 0; path = NewsDemoUITests.xctest; sourceTree = BUILT_PRODUCTS_DIR; };
		C8E8224E1FB8197500E9B963 /* NewsDemoUITests.swift */ = {isa = PBXFileReference; lastKnownFileType = sourcecode.swift; path = NewsDemoUITests.swift; sourceTree = "<group>"; };
		C8E822501FB8197500E9B963 /* Info.plist */ = {isa = PBXFileReference; lastKnownFileType = text.plist.xml; path = Info.plist; sourceTree = "<group>"; };
		C8E8228A1FB8331000E9B963 /* MainPageUIViewController.swift */ = {isa = PBXFileReference; fileEncoding = 4; lastKnownFileType = sourcecode.swift; path = MainPageUIViewController.swift; sourceTree = "<group>"; };
		DF3D220BB09D11AA9CCFF987 /* Pods_NewsDemoTests.framework */ = {isa = PBXFileReference; explicitFileType = wrapper.framework; includeInIndex = 0; path = Pods_NewsDemoTests.framework; sourceTree = BUILT_PRODUCTS_DIR; };
/* End PBXFileReference section */

/* Begin PBXFrameworksBuildPhase section */
		C8E822281FB8197500E9B963 /* Frameworks */ = {
			isa = PBXFrameworksBuildPhase;
			buildActionMask = 2147483647;
			files = (
				CAF70D7EBCC1273337EF49FE /* Pods_NewsDemo.framework in Frameworks */,
			);
			runOnlyForDeploymentPostprocessing = 0;
		};
		C8E8223C1FB8197500E9B963 /* Frameworks */ = {
			isa = PBXFrameworksBuildPhase;
			buildActionMask = 2147483647;
			files = (
			);
			runOnlyForDeploymentPostprocessing = 0;
		};
		C8E822471FB8197500E9B963 /* Frameworks */ = {
			isa = PBXFrameworksBuildPhase;
			buildActionMask = 2147483647;
			files = (
			);
			runOnlyForDeploymentPostprocessing = 0;
		};
/* End PBXFrameworksBuildPhase section */

/* Begin PBXGroup section */
		B652D26C3B9A6173810547E0 /* Pods */ = {
			isa = PBXGroup;
			children = (
				53AC873D98CF615F967E80A2 /* Pods-NewsDemo.debug.xcconfig */,
				31817DEFBE18E8D0F4831FD3 /* Pods-NewsDemo.release.xcconfig */,
			);
			name = Pods;
			sourceTree = "<group>";
		};
		C80F981C1FB9E77000F3D0B3 /* Frameworks */ = {
			isa = PBXGroup;
			children = (
				C80F981D1FB9E77000F3D0B3 /* ImageIO.framework */,
				8F220A7369836F18BF2D4238 /* Pods_NewsDemo.framework */,
				DF3D220BB09D11AA9CCFF987 /* Pods_NewsDemoTests.framework */,
				4E574B450A71BE04F19AF9F9 /* Pods_NewsDemoUITests.framework */,
			);
			name = Frameworks;
			sourceTree = "<group>";
		};
		C82767BD1FBB30290033F61F /* Products */ = {
			isa = PBXGroup;
			children = (
				C82767C81FBB30290033F61F /* Alamofire.framework */,
				C82767CA1FBB30290033F61F /* MJRefresh.framework */,
				C82767CC1FBB30290033F61F /* Pods_NewsDemo.framework */,
				C82767D21FBB30290033F61F /* SDWebImage.framework */,
			);
			name = Products;
			sourceTree = "<group>";
		};
		C89764E81FC3306600E9C496 /* Model */ = {
			isa = PBXGroup;
			children = (
				C8C827CB1FB87592002B96E2 /* NewsJSONModel.swift */,
			);
			path = Model;
			sourceTree = "<group>";
		};
		C89764ED1FC3307300E9C496 /* Controller */ = {
			isa = PBXGroup;
			children = (
				C8E8222E1FB8197500E9B963 /* AppDelegate.swift */,
				C8E8228A1FB8331000E9B963 /* MainPageUIViewController.swift */,
				C80F97861FB9856500F3D0B3 /* NewsDetailViewController.swift */,
				C8E822301FB8197500E9B963 /* ViewController.swift */,
			);
			path = Controller;
			sourceTree = "<group>";
		};
		C89764F21FC3314300E9C496 /* View */ = {
			isa = PBXGroup;
			children = (
				C89764F31FC3314300E9C496 /* NewsTableViewCell.swift */,
			);
			path = View;
			sourceTree = "<group>";
		};
		C8E822221FB8197500E9B963 = {
			isa = PBXGroup;
			children = (
				C82767BC1FBB30290033F61F /* Pods.xcodeproj */,
				C8E8222D1FB8197500E9B963 /* NewsDemo */,
				C8E822421FB8197500E9B963 /* NewsDemoTests */,
				C8E8224D1FB8197500E9B963 /* NewsDemoUITests */,
				C8E8222C1FB8197500E9B963 /* Products */,
				C80F981C1FB9E77000F3D0B3 /* Frameworks */,
				B652D26C3B9A6173810547E0 /* Pods */,
			);
			sourceTree = "<group>";
		};
		C8E8222C1FB8197500E9B963 /* Products */ = {
			isa = PBXGroup;
			children = (
				C8E8222B1FB8197500E9B963 /* NewsDemo.app */,
				C8E8223F1FB8197500E9B963 /* NewsDemoTests.xctest */,
				C8E8224A1FB8197500E9B963 /* NewsDemoUITests.xctest */,
			);
			name = Products;
			sourceTree = "<group>";
		};
		C8E8222D1FB8197500E9B963 /* NewsDemo */ = {
			isa = PBXGroup;
			children = (
				C89764F21FC3314300E9C496 /* View */,
				C89764ED1FC3307300E9C496 /* Controller */,
				C89764E81FC3306600E9C496 /* Model */,
				C8E822321FB8197500E9B963 /* Main.storyboard */,
				C8E822351FB8197500E9B963 /* Assets.xcassets */,
				C8E822371FB8197500E9B963 /* LaunchScreen.storyboard */,
				C8E8223A1FB8197500E9B963 /* Info.plist */,
			);
			path = NewsDemo;
			sourceTree = "<group>";
		};
		C8E822421FB8197500E9B963 /* NewsDemoTests */ = {
			isa = PBXGroup;
			children = (
				C8E822431FB8197500E9B963 /* NewsDemoTests.swift */,
				C8E822451FB8197500E9B963 /* Info.plist */,
			);
			path = NewsDemoTests;
			sourceTree = "<group>";
		};
		C8E8224D1FB8197500E9B963 /* NewsDemoUITests */ = {
			isa = PBXGroup;
			children = (
				C8E8224E1FB8197500E9B963 /* NewsDemoUITests.swift */,
				C8E822501FB8197500E9B963 /* Info.plist */,
			);
			path = NewsDemoUITests;
			sourceTree = "<group>";
		};
/* End PBXGroup section */

/* Begin PBXNativeTarget section */
		C8E8222A1FB8197500E9B963 /* NewsDemo */ = {
			isa = PBXNativeTarget;
			buildConfigurationList = C8E822531FB8197500E9B963 /* Build configuration list for PBXNativeTarget "NewsDemo" */;
			buildPhases = (
				00EFBD89125125017B9D56A9 /* [CP] Check Pods Manifest.lock */,
				C8E822271FB8197500E9B963 /* Sources */,
				C8E822281FB8197500E9B963 /* Frameworks */,
				C8E822291FB8197500E9B963 /* Resources */,
				C8E822851FB819EB00E9B963 /* Embed Frameworks */,
				18627E25BFD38A0F693127B1 /* [CP] Embed Pods Frameworks */,
				C42CEFDB27E8F5E5A1E6AB4B /* [CP] Copy Pods Resources */,
			);
			buildRules = (
			);
			dependencies = (
			);
			name = NewsDemo;
			productName = NewsDemo;
			productReference = C8E8222B1FB8197500E9B963 /* NewsDemo.app */;
			productType = "com.apple.product-type.application";
		};
		C8E8223E1FB8197500E9B963 /* NewsDemoTests */ = {
			isa = PBXNativeTarget;
			buildConfigurationList = C8E822561FB8197500E9B963 /* Build configuration list for PBXNativeTarget "NewsDemoTests" */;
			buildPhases = (
				C8E8223B1FB8197500E9B963 /* Sources */,
				C8E8223C1FB8197500E9B963 /* Frameworks */,
				C8E8223D1FB8197500E9B963 /* Resources */,
			);
			buildRules = (
			);
			dependencies = (
				C8E822411FB8197500E9B963 /* PBXTargetDependency */,
			);
			name = NewsDemoTests;
			productName = NewsDemoTests;
			productReference = C8E8223F1FB8197500E9B963 /* NewsDemoTests.xctest */;
			productType = "com.apple.product-type.bundle.unit-test";
		};
		C8E822491FB8197500E9B963 /* NewsDemoUITests */ = {
			isa = PBXNativeTarget;
			buildConfigurationList = C8E822591FB8197500E9B963 /* Build configuration list for PBXNativeTarget "NewsDemoUITests" */;
			buildPhases = (
				C8E822461FB8197500E9B963 /* Sources */,
				C8E822471FB8197500E9B963 /* Frameworks */,
				C8E822481FB8197500E9B963 /* Resources */,
			);
			buildRules = (
			);
			dependencies = (
				C8E8224C1FB8197500E9B963 /* PBXTargetDependency */,
			);
			name = NewsDemoUITests;
			productName = NewsDemoUITests;
			productReference = C8E8224A1FB8197500E9B963 /* NewsDemoUITests.xctest */;
			productType = "com.apple.product-type.bundle.ui-testing";
		};
/* End PBXNativeTarget section */

/* Begin PBXProject section */
		C8E822231FB8197500E9B963 /* Project object */ = {
			isa = PBXProject;
			attributes = {
				LastSwiftUpdateCheck = 0800;
				LastUpgradeCheck = 0800;
				ORGANIZATIONNAME = HouQinhan;
				TargetAttributes = {
					C8E8222A1FB8197500E9B963 = {
						CreatedOnToolsVersion = 8.0;
						ProvisioningStyle = Automatic;
					};
					C8E8223E1FB8197500E9B963 = {
						CreatedOnToolsVersion = 8.0;
						ProvisioningStyle = Automatic;
						TestTargetID = C8E8222A1FB8197500E9B963;
					};
					C8E822491FB8197500E9B963 = {
						CreatedOnToolsVersion = 8.0;
						ProvisioningStyle = Automatic;
						TestTargetID = C8E8222A1FB8197500E9B963;
					};
				};
			};
			buildConfigurationList = C8E822261FB8197500E9B963 /* Build configuration list for PBXProject "NewsDemo" */;
			compatibilityVersion = "Xcode 3.2";
			developmentRegion = English;
			hasScannedForEncodings = 0;
			knownRegions = (
				en,
				Base,
			);
			mainGroup = C8E822221FB8197500E9B963;
			productRefGroup = C8E8222C1FB8197500E9B963 /* Products */;
			projectDirPath = "";
			projectReferences = (
				{
					ProductGroup = C82767BD1FBB30290033F61F /* Products */;
					ProjectRef = C82767BC1FBB30290033F61F /* Pods.xcodeproj */;
				},
			);
			projectRoot = "";
			targets = (
				C8E8222A1FB8197500E9B963 /* NewsDemo */,
				C8E8223E1FB8197500E9B963 /* NewsDemoTests */,
				C8E822491FB8197500E9B963 /* NewsDemoUITests */,
			);
		};
/* End PBXProject section */

/* Begin PBXReferenceProxy section */
		C82767C81FBB30290033F61F /* Alamofire.framework */ = {
			isa = PBXReferenceProxy;
			fileType = wrapper.framework;
			path = Alamofire.framework;
			remoteRef = C82767C71FBB30290033F61F /* PBXContainerItemProxy */;
			sourceTree = BUILT_PRODUCTS_DIR;
		};
		C82767CA1FBB30290033F61F /* MJRefresh.framework */ = {
			isa = PBXReferenceProxy;
			fileType = wrapper.framework;
			path = MJRefresh.framework;
			remoteRef = C82767C91FBB30290033F61F /* PBXContainerItemProxy */;
			sourceTree = BUILT_PRODUCTS_DIR;
		};
		C82767CC1FBB30290033F61F /* Pods_NewsDemo.framework */ = {
			isa = PBXReferenceProxy;
			fileType = wrapper.framework;
			path = Pods_NewsDemo.framework;
			remoteRef = C82767CB1FBB30290033F61F /* PBXContainerItemProxy */;
			sourceTree = BUILT_PRODUCTS_DIR;
		};
		C82767D21FBB30290033F61F /* SDWebImage.framework */ = {
			isa = PBXReferenceProxy;
			fileType = wrapper.framework;
			path = SDWebImage.framework;
			remoteRef = C82767D11FBB30290033F61F /* PBXContainerItemProxy */;
			sourceTree = BUILT_PRODUCTS_DIR;
		};
/* End PBXReferenceProxy section */

/* Begin PBXResourcesBuildPhase section */
		C8E822291FB8197500E9B963 /* Resources */ = {
			isa = PBXResourcesBuildPhase;
			buildActionMask = 2147483647;
			files = (
				C8E822391FB8197500E9B963 /* LaunchScreen.storyboard in Resources */,
				C8E822361FB8197500E9B963 /* Assets.xcassets in Resources */,
				C8E822341FB8197500E9B963 /* Main.storyboard in Resources */,
			);
			runOnlyForDeploymentPostprocessing = 0;
		};
		C8E8223D1FB8197500E9B963 /* Resources */ = {
			isa = PBXResourcesBuildPhase;
			buildActionMask = 2147483647;
			files = (
			);
			runOnlyForDeploymentPostprocessing = 0;
		};
		C8E822481FB8197500E9B963 /* Resources */ = {
			isa = PBXResourcesBuildPhase;
			buildActionMask = 2147483647;
			files = (
			);
			runOnlyForDeploymentPostprocessing = 0;
		};
/* End PBXResourcesBuildPhase section */

/* Begin PBXShellScriptBuildPhase section */
		00EFBD89125125017B9D56A9 /* [CP] Check Pods Manifest.lock */ = {
			isa = PBXShellScriptBuildPhase;
			buildActionMask = 2147483647;
			files = (
			);
			inputPaths = (
				"${PODS_PODFILE_DIR_PATH}/Podfile.lock",
				"${PODS_ROOT}/Manifest.lock",
			);
			name = "[CP] Check Pods Manifest.lock";
			outputPaths = (
				"$(DERIVED_FILE_DIR)/Pods-NewsDemo-checkManifestLockResult.txt",
			);
			runOnlyForDeploymentPostprocessing = 0;
			shellPath = /bin/sh;
			shellScript = "diff \"${PODS_PODFILE_DIR_PATH}/Podfile.lock\" \"${PODS_ROOT}/Manifest.lock\" > /dev/null\nif [ $? != 0 ] ; then\n    # print error to STDERR\n    echo \"error: The sandbox is not in sync with the Podfile.lock. Run 'pod install' or update your CocoaPods installation.\" >&2\n    exit 1\nfi\n# This output is used by Xcode 'outputs' to avoid re-running this script phase.\necho \"SUCCESS\" > \"${SCRIPT_OUTPUT_FILE_0}\"\n";
			showEnvVarsInLog = 0;
		};
		18627E25BFD38A0F693127B1 /* [CP] Embed Pods Frameworks */ = {
			isa = PBXShellScriptBuildPhase;
			buildActionMask = 2147483647;
			files = (
			);
			inputPaths = (
				"${SRCROOT}/Pods/Target Support Files/Pods-NewsDemo/Pods-NewsDemo-frameworks.sh",
				"${BUILT_PRODUCTS_DIR}/Alamofire/Alamofire.framework",
				"${BUILT_PRODUCTS_DIR}/MJRefresh/MJRefresh.framework",
				"${BUILT_PRODUCTS_DIR}/SDWebImage/SDWebImage.framework",
			);
			name = "[CP] Embed Pods Frameworks";
			outputPaths = (
				"${TARGET_BUILD_DIR}/${FRAMEWORKS_FOLDER_PATH}/Alamofire.framework",
				"${TARGET_BUILD_DIR}/${FRAMEWORKS_FOLDER_PATH}/MJRefresh.framework",
				"${TARGET_BUILD_DIR}/${FRAMEWORKS_FOLDER_PATH}/SDWebImage.framework",
			);
			runOnlyForDeploymentPostprocessing = 0;
			shellPath = /bin/sh;
			shellScript = "\"${SRCROOT}/Pods/Target Support Files/Pods-NewsDemo/Pods-NewsDemo-frameworks.sh\"\n";
			showEnvVarsInLog = 0;
		};
		C42CEFDB27E8F5E5A1E6AB4B /* [CP] Copy Pods Resources */ = {
			isa = PBXShellScriptBuildPhase;
			buildActionMask = 2147483647;
			files = (
			);
			inputPaths = (
			);
			name = "[CP] Copy Pods Resources";
			outputPaths = (
			);
			runOnlyForDeploymentPostprocessing = 0;
			shellPath = /bin/sh;
			shellScript = "\"${SRCROOT}/Pods/Target Support Files/Pods-NewsDemo/Pods-NewsDemo-resources.sh\"\n";
			showEnvVarsInLog = 0;
		};
/* End PBXShellScriptBuildPhase section */

/* Begin PBXSourcesBuildPhase section */
		C8E822271FB8197500E9B963 /* Sources */ = {
			isa = PBXSourcesBuildPhase;
			buildActionMask = 2147483647;
			files = (
				C80F97871FB9856500F3D0B3 /* NewsDetailViewController.swift in Sources */,
				C8E8228B1FB8331000E9B963 /* MainPageUIViewController.swift in Sources */,
				C89764F41FC3314300E9C496 /* NewsTableViewCell.swift in Sources */,
				C8C827CC1FB87592002B96E2 /* NewsJSONModel.swift in Sources */,
				C8E822311FB8197500E9B963 /* ViewController.swift in Sources */,
				C8E8222F1FB8197500E9B963 /* AppDelegate.swift in Sources */,
			);
			runOnlyForDeploymentPostprocessing = 0;
		};
		C8E8223B1FB8197500E9B963 /* Sources */ = {
			isa = PBXSourcesBuildPhase;
			buildActionMask = 2147483647;
			files = (
				C8E822441FB8197500E9B963 /* NewsDemoTests.swift in Sources */,
			);
			runOnlyForDeploymentPostprocessing = 0;
		};
		C8E822461FB8197500E9B963 /* Sources */ = {
			isa = PBXSourcesBuildPhase;
			buildActionMask = 2147483647;
			files = (
				C8E8224F1FB8197500E9B963 /* NewsDemoUITests.swift in Sources */,
			);
			runOnlyForDeploymentPostprocessing = 0;
		};
/* End PBXSourcesBuildPhase section */

/* Begin PBXTargetDependency section */
		C8E822411FB8197500E9B963 /* PBXTargetDependency */ = {
			isa = PBXTargetDependency;
			target = C8E8222A1FB8197500E9B963 /* NewsDemo */;
			targetProxy = C8E822401FB8197500E9B963 /* PBXContainerItemProxy */;
		};
		C8E8224C1FB8197500E9B963 /* PBXTargetDependency */ = {
			isa = PBXTargetDependency;
			target = C8E8222A1FB8197500E9B963 /* NewsDemo */;
			targetProxy = C8E8224B1FB8197500E9B963 /* PBXContainerItemProxy */;
		};
/* End PBXTargetDependency section */

/* Begin PBXVariantGroup section */
		C8E822321FB8197500E9B963 /* Main.storyboard */ = {
			isa = PBXVariantGroup;
			children = (
				C8E822331FB8197500E9B963 /* Base */,
			);
			name = Main.storyboard;
			sourceTree = "<group>";
		};
		C8E822371FB8197500E9B963 /* LaunchScreen.storyboard */ = {
			isa = PBXVariantGroup;
			children = (
				C8E822381FB8197500E9B963 /* Base */,
			);
			name = LaunchScreen.storyboard;
			sourceTree = "<group>";
		};
/* End PBXVariantGroup section */

/* Begin XCBuildConfiguration section */
		C8E822511FB8197500E9B963 /* Debug */ = {
			isa = XCBuildConfiguration;
			buildSettings = {
				ALWAYS_SEARCH_USER_PATHS = NO;
				CLANG_ANALYZER_NONNULL = YES;
				CLANG_CXX_LANGUAGE_STANDARD = "gnu++0x";
				CLANG_CXX_LIBRARY = "libc++";
				CLANG_ENABLE_MODULES = YES;
				CLANG_ENABLE_OBJC_ARC = YES;
				CLANG_WARN_BOOL_CONVERSION = YES;
				CLANG_WARN_CONSTANT_CONVERSION = YES;
				CLANG_WARN_DIRECT_OBJC_ISA_USAGE = YES_ERROR;
				CLANG_WARN_DOCUMENTATION_COMMENTS = YES;
				CLANG_WARN_EMPTY_BODY = YES;
				CLANG_WARN_ENUM_CONVERSION = YES;
				CLANG_WARN_INFINITE_RECURSION = YES;
				CLANG_WARN_INT_CONVERSION = YES;
				CLANG_WARN_OBJC_ROOT_CLASS = YES_ERROR;
				CLANG_WARN_SUSPICIOUS_MOVES = YES;
				CLANG_WARN_UNREACHABLE_CODE = YES;
				CLANG_WARN__DUPLICATE_METHOD_MATCH = YES;
				"CODE_SIGN_IDENTITY[sdk=iphoneos*]" = "iPhone Developer";
				COPY_PHASE_STRIP = NO;
				DEBUG_INFORMATION_FORMAT = dwarf;
				ENABLE_STRICT_OBJC_MSGSEND = YES;
				ENABLE_TESTABILITY = YES;
				GCC_C_LANGUAGE_STANDARD = gnu99;
				GCC_DYNAMIC_NO_PIC = NO;
				GCC_NO_COMMON_BLOCKS = YES;
				GCC_OPTIMIZATION_LEVEL = 0;
				GCC_PREPROCESSOR_DEFINITIONS = (
					"DEBUG=1",
					"$(inherited)",
				);
				GCC_WARN_64_TO_32_BIT_CONVERSION = YES;
				GCC_WARN_ABOUT_RETURN_TYPE = YES_ERROR;
				GCC_WARN_UNDECLARED_SELECTOR = YES;
				GCC_WARN_UNINITIALIZED_AUTOS = YES_AGGRESSIVE;
				GCC_WARN_UNUSED_FUNCTION = YES;
				GCC_WARN_UNUSED_VARIABLE = YES;
				IPHONEOS_DEPLOYMENT_TARGET = 10.0;
				MTL_ENABLE_DEBUG_INFO = YES;
				ONLY_ACTIVE_ARCH = YES;
				SDKROOT = iphoneos;
				SWIFT_ACTIVE_COMPILATION_CONDITIONS = DEBUG;
				SWIFT_OPTIMIZATION_LEVEL = "-Onone";
				TARGETED_DEVICE_FAMILY = "1,2";
			};
			name = Debug;
		};
		C8E822521FB8197500E9B963 /* Release */ = {
			isa = XCBuildConfiguration;
			buildSettings = {
				ALWAYS_SEARCH_USER_PATHS = NO;
				CLANG_ANALYZER_NONNULL = YES;
				CLANG_CXX_LANGUAGE_STANDARD = "gnu++0x";
				CLANG_CXX_LIBRARY = "libc++";
				CLANG_ENABLE_MODULES = YES;
				CLANG_ENABLE_OBJC_ARC = YES;
				CLANG_WARN_BOOL_CONVERSION = YES;
				CLANG_WARN_CONSTANT_CONVERSION = YES;
				CLANG_WARN_DIRECT_OBJC_ISA_USAGE = YES_ERROR;
				CLANG_WARN_DOCUMENTATION_COMMENTS = YES;
				CLANG_WARN_EMPTY_BODY = YES;
				CLANG_WARN_ENUM_CONVERSION = YES;
				CLANG_WARN_INFINITE_RECURSION = YES;
				CLANG_WARN_INT_CONVERSION = YES;
				CLANG_WARN_OBJC_ROOT_CLASS = YES_ERROR;
				CLANG_WARN_SUSPICIOUS_MOVES = YES;
				CLANG_WARN_UNREACHABLE_CODE = YES;
				CLANG_WARN__DUPLICATE_METHOD_MATCH = YES;
				"CODE_SIGN_IDENTITY[sdk=iphoneos*]" = "iPhone Developer";
				COPY_PHASE_STRIP = NO;
				DEBUG_INFORMATION_FORMAT = "dwarf-with-dsym";
				ENABLE_NS_ASSERTIONS = NO;
				ENABLE_STRICT_OBJC_MSGSEND = YES;
				GCC_C_LANGUAGE_STANDARD = gnu99;
				GCC_NO_COMMON_BLOCKS = YES;
				GCC_WARN_64_TO_32_BIT_CONVERSION = YES;
				GCC_WARN_ABOUT_RETURN_TYPE = YES_ERROR;
				GCC_WARN_UNDECLARED_SELECTOR = YES;
				GCC_WARN_UNINITIALIZED_AUTOS = YES_AGGRESSIVE;
				GCC_WARN_UNUSED_FUNCTION = YES;
				GCC_WARN_UNUSED_VARIABLE = YES;
				IPHONEOS_DEPLOYMENT_TARGET = 10.0;
				MTL_ENABLE_DEBUG_INFO = NO;
				SDKROOT = iphoneos;
				SWIFT_OPTIMIZATION_LEVEL = "-Owholemodule";
				TARGETED_DEVICE_FAMILY = "1,2";
				VALIDATE_PRODUCT = YES;
			};
			name = Release;
		};
		C8E822541FB8197500E9B963 /* Debug */ = {
			isa = XCBuildConfiguration;
			baseConfigurationReference = 53AC873D98CF615F967E80A2 /* Pods-NewsDemo.debug.xcconfig */;
			buildSettings = {
				ALWAYS_EMBED_SWIFT_STANDARD_LIBRARIES = YES;
				ASSETCATALOG_COMPILER_APPICON_NAME = AppIcon;
				INFOPLIST_FILE = NewsDemo/Info.plist;
				IPHONEOS_DEPLOYMENT_TARGET = 11.1;
				LD_RUNPATH_SEARCH_PATHS = "$(inherited) @executable_path/Frameworks";
				OTHER_LDFLAGS = "";
				PRODUCT_BUNDLE_IDENTIFIER = com.TWTStudio.NewsDemo;
				PRODUCT_NAME = "$(TARGET_NAME)";
				SWIFT_VERSION = 4.0;
			};
			name = Debug;
		};
		C8E822551FB8197500E9B963 /* Release */ = {
			isa = XCBuildConfiguration;
			baseConfigurationReference = 31817DEFBE18E8D0F4831FD3 /* Pods-NewsDemo.release.xcconfig */;
			buildSettings = {
				ALWAYS_EMBED_SWIFT_STANDARD_LIBRARIES = YES;
				ASSETCATALOG_COMPILER_APPICON_NAME = AppIcon;
				INFOPLIST_FILE = NewsDemo/Info.plist;
				IPHONEOS_DEPLOYMENT_TARGET = 11.1;
				LD_RUNPATH_SEARCH_PATHS = "$(inherited) @executable_path/Frameworks";
				OTHER_LDFLAGS = "";
				PRODUCT_BUNDLE_IDENTIFIER = com.TWTStudio.NewsDemo;
				PRODUCT_NAME = "$(TARGET_NAME)";
				SWIFT_VERSION = 4.0;
			};
			name = Release;
		};
		C8E822571FB8197500E9B963 /* Debug */ = {
			isa = XCBuildConfiguration;
			buildSettings = {
				ALWAYS_EMBED_SWIFT_STANDARD_LIBRARIES = YES;
				BUNDLE_LOADER = "$(TEST_HOST)";
				INFOPLIST_FILE = NewsDemoTests/Info.plist;
				LD_RUNPATH_SEARCH_PATHS = "$(inherited) @executable_path/Frameworks @loader_path/Frameworks";
				PRODUCT_BUNDLE_IDENTIFIER = com.TWTStudio.NewsDemoTests;
				PRODUCT_NAME = "$(TARGET_NAME)";
				SWIFT_VERSION = 3.0;
				TEST_HOST = "$(BUILT_PRODUCTS_DIR)/NewsDemo.app/NewsDemo";
			};
			name = Debug;
		};
		C8E822581FB8197500E9B963 /* Release */ = {
			isa = XCBuildConfiguration;
			buildSettings = {
				ALWAYS_EMBED_SWIFT_STANDARD_LIBRARIES = YES;
				BUNDLE_LOADER = "$(TEST_HOST)";
				INFOPLIST_FILE = NewsDemoTests/Info.plist;
				LD_RUNPATH_SEARCH_PATHS = "$(inherited) @executable_path/Frameworks @loader_path/Frameworks";
				PRODUCT_BUNDLE_IDENTIFIER = com.TWTStudio.NewsDemoTests;
				PRODUCT_NAME = "$(TARGET_NAME)";
				SWIFT_VERSION = 3.0;
				TEST_HOST = "$(BUILT_PRODUCTS_DIR)/NewsDemo.app/NewsDemo";
			};
			name = Release;
		};
		C8E8225A1FB8197500E9B963 /* Debug */ = {
			isa = XCBuildConfiguration;
			buildSettings = {
				ALWAYS_EMBED_SWIFT_STANDARD_LIBRARIES = YES;
				INFOPLIST_FILE = NewsDemoUITests/Info.plist;
				LD_RUNPATH_SEARCH_PATHS = "$(inherited) @executable_path/Frameworks @loader_path/Frameworks";
				PRODUCT_BUNDLE_IDENTIFIER = com.TWTStudio.NewsDemoUITests;
				PRODUCT_NAME = "$(TARGET_NAME)";
				SWIFT_VERSION = 3.0;
				TEST_TARGET_NAME = NewsDemo;
			};
			name = Debug;
		};
		C8E8225B1FB8197500E9B963 /* Release */ = {
			isa = XCBuildConfiguration;
			buildSettings = {
				ALWAYS_EMBED_SWIFT_STANDARD_LIBRARIES = YES;
				INFOPLIST_FILE = NewsDemoUITests/Info.plist;
				LD_RUNPATH_SEARCH_PATHS = "$(inherited) @executable_path/Frameworks @loader_path/Frameworks";
				PRODUCT_BUNDLE_IDENTIFIER = com.TWTStudio.NewsDemoUITests;
				PRODUCT_NAME = "$(TARGET_NAME)";
				SWIFT_VERSION = 3.0;
				TEST_TARGET_NAME = NewsDemo;
			};
			name = Release;
		};
/* End XCBuildConfiguration section */

/* Begin XCConfigurationList section */
		C8E822261FB8197500E9B963 /* Build configuration list for PBXProject "NewsDemo" */ = {
			isa = XCConfigurationList;
			buildConfigurations = (
				C8E822511FB8197500E9B963 /* Debug */,
				C8E822521FB8197500E9B963 /* Release */,
			);
			defaultConfigurationIsVisible = 0;
			defaultConfigurationName = Release;
		};
		C8E822531FB8197500E9B963 /* Build configuration list for PBXNativeTarget "NewsDemo" */ = {
			isa = XCConfigurationList;
			buildConfigurations = (
				C8E822541FB8197500E9B963 /* Debug */,
				C8E822551FB8197500E9B963 /* Release */,
			);
			defaultConfigurationIsVisible = 0;
			defaultConfigurationName = Release;
		};
		C8E822561FB8197500E9B963 /* Build configuration list for PBXNativeTarget "NewsDemoTests" */ = {
			isa = XCConfigurationList;
			buildConfigurations = (
				C8E822571FB8197500E9B963 /* Debug */,
				C8E822581FB8197500E9B963 /* Release */,
			);
			defaultConfigurationIsVisible = 0;
			defaultConfigurationName = Release;
		};
		C8E822591FB8197500E9B963 /* Build configuration list for PBXNativeTarget "NewsDemoUITests" */ = {
			isa = XCConfigurationList;
			buildConfigurations = (
				C8E8225A1FB8197500E9B963 /* Debug */,
				C8E8225B1FB8197500E9B963 /* Release */,
			);
			defaultConfigurationIsVisible = 0;
			defaultConfigurationName = Release;
		};
/* End XCConfigurationList section */
	};
	rootObject = C8E822231FB8197500E9B963 /* Project object */;
}
